{
  "name": "shortwave",
  "version": "1.13.0",
  "lockfileVersion": 2,
  "requires": true,
  "packages": {
    "": {
      "version": "1.13.0",
      "license": "ISC",
      "dependencies": {
        "tunajs": "^1.0.11",
        "web-audio-daw": "^2.6.1"
      }
    },
    "node_modules/tunajs": {
      "version": "1.0.15",
      "resolved": "https://registry.npmjs.org/tunajs/-/tunajs-1.0.15.tgz",
      "integrity": "sha512-es0bgyTHP8ftyWEot7YqLlLH30yZqHUTT6K5TKFhVqIB1Y6Cuu8WvBunfTVQSmzrpuhz15PQjyen7uuwi4gjdw=="
    },
    "node_modules/web-audio-daw": {
      "version": "2.8.0",
      "resolved": "https://registry.npmjs.org/web-audio-daw/-/web-audio-daw-2.8.0.tgz",
      "integrity": "sha512-HVVrx81DqZsAVAceRf6w2da6HjHCHt4SIcQhP8beDcv2GKpHz5hDMEAq/8PRokTpItM+HCWpnS9vIP/Ifb2fTQ=="
    }
  },
  "dependencies": {
    "tunajs": {
      "version": "1.0.15",
      "resolved": "https://registry.npmjs.org/tunajs/-/tunajs-1.0.15.tgz",
      "integrity": "sha512-es0bgyTHP8ftyWEot7YqLlLH30yZqHUTT6K5TKFhVqIB1Y6Cuu8WvBunfTVQSmzrpuhz15PQjyen7uuwi4gjdw=="
    },
    "web-audio-daw": {
      "version": "2.8.0",
      "resolved": "https://registry.npmjs.org/web-audio-daw/-/web-audio-daw-2.8.0.tgz",
      "integrity": "sha512-HVVrx81DqZsAVAceRf6w2da6HjHCHt4SIcQhP8beDcv2GKpHz5hDMEAq/8PRokTpItM+HCWpnS9vIP/Ifb2fTQ=="
    }
  }
}
